
Microsoft Visual Studio Solution File, Format Version 12.00
# Visual Studio Version 16
VisualStudioVersion = 16.0.31424.327
MinimumVisualStudioVersion = 10.0.40219.1
Project("{FAE04EC0-301F-11D3-BF4B-00C04F79EFBC}") = "DayCareMvc", "DayCareMvc\DayCareMvc.csproj", "{29E25E30-604F-4EF7-AB19-4410B2AF2AF3}"
EndProject
Global
	GlobalSection(SolutionConfigurationPlatforms) = preSolution
		Debug|Any CPU = Debug|Any CPU
		Release|Any CPU = Release|Any CPU
	EndGlobalSection
	GlobalSection(ProjectConfigurationPlatforms) = postSolution
		{29E25E30-604F-4EF7-AB19-4410B2AF2AF3}.Debug|Any CPU.ActiveCfg = Debug|Any CPU
		{29E25E30-604F-4EF7-AB19-4410B2AF2AF3}.Debug|Any CPU.Build.0 = Debug|Any CPU
		{29E25E30-604F-4EF7-AB19-4410B2AF2AF3}.Release|Any CPU.ActiveCfg = Release|Any CPU
		{29E25E30-604F-4EF7-AB19-4410B2AF2AF3}.Release|Any CPU.Build.0 = Release|Any CPU
	EndGlobalSection
	GlobalSection(SolutionProperties) = preSolution
		HideSolutionNode = FALSE
	EndGlobalSection
	GlobalSection(ExtensibilityGlobals) = postSolution
		SolutionGuid = {AD28CA4A-4F54-4B65-99B4-BE622DE39B24}
	EndGlobalSection
EndGlobal
